
Microsoft Visual Studio Solution File, Format Version 12.00
# Visual Studio Version 17
VisualStudioVersion = 17.4.33403.182
MinimumVisualStudioVersion = 10.0.40219.1
Project("{FAE04EC0-301F-11D3-BF4B-00C04F79EFBC}") = "Leave managemenmt system", "Leave managemenmt system\Leave managemenmt system.csproj", "{87E835B4-8322-484B-9AA3-D5968A7B3ACF}"
EndProject
Global
	GlobalSection(SolutionConfigurationPlatforms) = preSolution
		Debug|Any CPU = Debug|Any CPU
		Release|Any CPU = Release|Any CPU
	EndGlobalSection
	GlobalSection(ProjectConfigurationPlatforms) = postSolution
		{87E835B4-8322-484B-9AA3-D5968A7B3ACF}.Debug|Any CPU.ActiveCfg = Debug|Any CPU
		{87E835B4-8322-484B-9AA3-D5968A7B3ACF}.Debug|Any CPU.Build.0 = Debug|Any CPU
		{87E835B4-8322-484B-9AA3-D5968A7B3ACF}.Release|Any CPU.ActiveCfg = Release|Any CPU
		{87E835B4-8322-484B-9AA3-D5968A7B3ACF}.Release|Any CPU.Build.0 = Release|Any CPU
	EndGlobalSection
	GlobalSection(SolutionProperties) = preSolution
		HideSolutionNode = FALSE
	EndGlobalSection
	GlobalSection(ExtensibilityGlobals) = postSolution
		SolutionGuid = {4201B971-ED79-4CE2-8862-2D208A5A5675}
	EndGlobalSection
EndGlobal
